// !$*UTF8*$!
{
	archiveVersion = 1;
	classes = {
	};
	objectVersion = 56;
	objects = {

/* Begin PBXBuildFile section */
		F82AB2252A38BA770034E761 /* CloudKitTaskModel.swift in Sources */ = {isa = PBXBuildFile; fileRef = F82AB2242A38BA770034E761 /* CloudKitTaskModel.swift */; };
		F82AB2282A38FE360034E761 /* TaskViewModel.swift in Sources */ = {isa = PBXBuildFile; fileRef = F82AB2272A38FE360034E761 /* TaskViewModel.swift */; };
		F82AB22B2A3A390A0034E761 /* CloudKitPocView.swift in Sources */ = {isa = PBXBuildFile; fileRef = F82AB22A2A3A390A0034E761 /* CloudKitPocView.swift */; };
		F8413A4F2A37574E00F61AA9 /* MiniMEApp.swift in Sources */ = {isa = PBXBuildFile; fileRef = F8413A4E2A37574E00F61AA9 /* MiniMEApp.swift */; };
		F8413A512A37574E00F61AA9 /* Persistence.swift in Sources */ = {isa = PBXBuildFile; fileRef = F8413A502A37574E00F61AA9 /* Persistence.swift */; };
		F8413A542A37574E00F61AA9 /* MiniME.xcdatamodeld in Sources */ = {isa = PBXBuildFile; fileRef = F8413A522A37574E00F61AA9 /* MiniME.xcdatamodeld */; };
		F8413A562A37574E00F61AA9 /* ContentView.swift in Sources */ = {isa = PBXBuildFile; fileRef = F8413A552A37574E00F61AA9 /* ContentView.swift */; };
		F8413A582A37574F00F61AA9 /* Assets.xcassets in Resources */ = {isa = PBXBuildFile; fileRef = F8413A572A37574F00F61AA9 /* Assets.xcassets */; };
		F8413A5C2A37574F00F61AA9 /* Preview Assets.xcassets in Resources */ = {isa = PBXBuildFile; fileRef = F8413A5B2A37574F00F61AA9 /* Preview Assets.xcassets */; };
/* End PBXBuildFile section */

/* Begin PBXFileReference section */
		F82AB2242A38BA770034E761 /* CloudKitTaskModel.swift */ = {isa = PBXFileReference; lastKnownFileType = sourcecode.swift; path = CloudKitTaskModel.swift; sourceTree = "<group>"; };
		F82AB2272A38FE360034E761 /* TaskViewModel.swift */ = {isa = PBXFileReference; lastKnownFileType = sourcecode.swift; path = TaskViewModel.swift; sourceTree = "<group>"; };
		F82AB22A2A3A390A0034E761 /* CloudKitPocView.swift */ = {isa = PBXFileReference; lastKnownFileType = sourcecode.swift; path = CloudKitPocView.swift; sourceTree = "<group>"; };
		F8413A4B2A37574E00F61AA9 /* MiniME.app */ = {isa = PBXFileReference; explicitFileType = wrapper.application; includeInIndex = 0; path = MiniME.app; sourceTree = BUILT_PRODUCTS_DIR; };
		F8413A4E2A37574E00F61AA9 /* MiniMEApp.swift */ = {isa = PBXFileReference; lastKnownFileType = sourcecode.swift; path = MiniMEApp.swift; sourceTree = "<group>"; };
		F8413A502A37574E00F61AA9 /* Persistence.swift */ = {isa = PBXFileReference; lastKnownFileType = sourcecode.swift; path = Persistence.swift; sourceTree = "<group>"; };
		F8413A532A37574E00F61AA9 /* MiniME.xcdatamodel */ = {isa = PBXFileReference; lastKnownFileType = wrapper.xcdatamodel; path = MiniME.xcdatamodel; sourceTree = "<group>"; };
		F8413A552A37574E00F61AA9 /* ContentView.swift */ = {isa = PBXFileReference; lastKnownFileType = sourcecode.swift; path = ContentView.swift; sourceTree = "<group>"; };
		F8413A572A37574F00F61AA9 /* Assets.xcassets */ = {isa = PBXFileReference; lastKnownFileType = folder.assetcatalog; path = Assets.xcassets; sourceTree = "<group>"; };
		F8413A592A37574F00F61AA9 /* MiniME.entitlements */ = {isa = PBXFileReference; lastKnownFileType = text.plist.entitlements; path = MiniME.entitlements; sourceTree = "<group>"; };
		F8413A5B2A37574F00F61AA9 /* Preview Assets.xcassets */ = {isa = PBXFileReference; lastKnownFileType = folder.assetcatalog; path = "Preview Assets.xcassets"; sourceTree = "<group>"; };
/* End PBXFileReference section */

/* Begin PBXFrameworksBuildPhase section */
		F8413A482A37574E00F61AA9 /* Frameworks */ = {
			isa = PBXFrameworksBuildPhase;
			buildActionMask = 2147483647;
			files = (
			);
			runOnlyForDeploymentPostprocessing = 0;
		};
/* End PBXFrameworksBuildPhase section */

/* Begin PBXGroup section */
		F82AB2232A38BA6A0034E761 /* Model */ = {
			isa = PBXGroup;
			children = (
				F82AB2242A38BA770034E761 /* CloudKitTaskModel.swift */,
			);
			path = Model;
			sourceTree = "<group>";
		};
		F82AB2262A38FE190034E761 /* ViewModel */ = {
			isa = PBXGroup;
			children = (
				F82AB2272A38FE360034E761 /* TaskViewModel.swift */,
			);
			path = ViewModel;
			sourceTree = "<group>";
		};
		F8413A422A37574E00F61AA9 = {
			isa = PBXGroup;
			children = (
				F8413A4D2A37574E00F61AA9 /* MiniME */,
				F8413A4C2A37574E00F61AA9 /* Products */,
			);
			sourceTree = "<group>";
		};
		F8413A4C2A37574E00F61AA9 /* Products */ = {
			isa = PBXGroup;
			children = (
				F8413A4B2A37574E00F61AA9 /* MiniME.app */,
			);
			name = Products;
			sourceTree = "<group>";
		};
		F8413A4D2A37574E00F61AA9 /* MiniME */ = {
			isa = PBXGroup;
			children = (
				F82AB2262A38FE190034E761 /* ViewModel */,
				F82AB2232A38BA6A0034E761 /* Model */,
				F8413A4E2A37574E00F61AA9 /* MiniMEApp.swift */,
				F8413A502A37574E00F61AA9 /* Persistence.swift */,
				F8413A552A37574E00F61AA9 /* ContentView.swift */,
				F8413A572A37574F00F61AA9 /* Assets.xcassets */,
				F8413A592A37574F00F61AA9 /* MiniME.entitlements */,
				F8413A522A37574E00F61AA9 /* MiniME.xcdatamodeld */,
				F8413A5A2A37574F00F61AA9 /* Preview Content */,
				F82AB22A2A3A390A0034E761 /* CloudKitPocView.swift */,
			);
			path = MiniME;
			sourceTree = "<group>";
		};
		F8413A5A2A37574F00F61AA9 /* Preview Content */ = {
			isa = PBXGroup;
			children = (
				F8413A5B2A37574F00F61AA9 /* Preview Assets.xcassets */,
			);
			path = "Preview Content";
			sourceTree = "<group>";
		};
/* End PBXGroup section */

/* Begin PBXNativeTarget section */
		F8413A4A2A37574E00F61AA9 /* MiniME */ = {
			isa = PBXNativeTarget;
			buildConfigurationList = F8413A5F2A37574F00F61AA9 /* Build configuration list for PBXNativeTarget "MiniME" */;
			buildPhases = (
				F8413A472A37574E00F61AA9 /* Sources */,
				F8413A482A37574E00F61AA9 /* Frameworks */,
				F8413A492A37574E00F61AA9 /* Resources */,
			);
			buildRules = (
			);
			dependencies = (
			);
			name = MiniME;
			productName = MiniME;
			productReference = F8413A4B2A37574E00F61AA9 /* MiniME.app */;
			productType = "com.apple.product-type.application";
		};
/* End PBXNativeTarget section */

/* Begin PBXProject section */
		F8413A432A37574E00F61AA9 /* Project object */ = {
			isa = PBXProject;
			attributes = {
				BuildIndependentTargetsInParallel = 1;
				LastSwiftUpdateCheck = 1430;
				LastUpgradeCheck = 1430;
				TargetAttributes = {
					F8413A4A2A37574E00F61AA9 = {
						CreatedOnToolsVersion = 14.3.1;
					};
				};
			};
			buildConfigurationList = F8413A462A37574E00F61AA9 /* Build configuration list for PBXProject "MiniME" */;
			compatibilityVersion = "Xcode 14.0";
			developmentRegion = en;
			hasScannedForEncodings = 0;
			knownRegions = (
				en,
				Base,
			);
			mainGroup = F8413A422A37574E00F61AA9;
			productRefGroup = F8413A4C2A37574E00F61AA9 /* Products */;
			projectDirPath = "";
			projectRoot = "";
			targets = (
				F8413A4A2A37574E00F61AA9 /* MiniME */,
			);
		};
/* End PBXProject section */

/* Begin PBXResourcesBuildPhase section */
		F8413A492A37574E00F61AA9 /* Resources */ = {
			isa = PBXResourcesBuildPhase;
			buildActionMask = 2147483647;
			files = (
				F8413A5C2A37574F00F61AA9 /* Preview Assets.xcassets in Resources */,
				F8413A582A37574F00F61AA9 /* Assets.xcassets in Resources */,
			);
			runOnlyForDeploymentPostprocessing = 0;
		};
/* End PBXResourcesBuildPhase section */

/* Begin PBXSourcesBuildPhase section */
		F8413A472A37574E00F61AA9 /* Sources */ = {
			isa = PBXSourcesBuildPhase;
			buildActionMask = 2147483647;
			files = (
				F8413A4F2A37574E00F61AA9 /* MiniMEApp.swift in Sources */,
				F82AB22B2A3A390A0034E761 /* CloudKitPocView.swift in Sources */,
				F82AB2282A38FE360034E761 /* TaskViewModel.swift in Sources */,
				F82AB2252A38BA770034E761 /* CloudKitTaskModel.swift in Sources */,
				F8413A512A37574E00F61AA9 /* Persistence.swift in Sources */,
				F8413A562A37574E00F61AA9 /* ContentView.swift in Sources */,
				F8413A542A37574E00F61AA9 /* MiniME.xcdatamodeld in Sources */,
			);
			runOnlyForDeploymentPostprocessing = 0;
		};
/* End PBXSourcesBuildPhase section */

/* Begin XCBuildConfiguration section */
		F8413A5D2A37574F00F61AA9 /* Debug */ = {
			isa = XCBuildConfiguration;
			buildSettings = {
				ALWAYS_SEARCH_USER_PATHS = NO;
				CLANG_ANALYZER_NONNULL = YES;
				CLANG_ANALYZER_NUMBER_OBJECT_CONVERSION = YES_AGGRESSIVE;
				CLANG_CXX_LANGUAGE_STANDARD = "gnu++20";
				CLANG_ENABLE_MODULES = YES;
				CLANG_ENABLE_OBJC_ARC = YES;
				CLANG_ENABLE_OBJC_WEAK = YES;
				CLANG_WARN_BLOCK_CAPTURE_AUTORELEASING = YES;
				CLANG_WARN_BOOL_CONVERSION = YES;
				CLANG_WARN_COMMA = YES;
				CLANG_WARN_CONSTANT_CONVERSION = YES;
				CLANG_WARN_DEPRECATED_OBJC_IMPLEMENTATIONS = YES;
				CLANG_WARN_DIRECT_OBJC_ISA_USAGE = YES_ERROR;
				CLANG_WARN_DOCUMENTATION_COMMENTS = YES;
				CLANG_WARN_EMPTY_BODY = YES;
				CLANG_WARN_ENUM_CONVERSION = YES;
				CLANG_WARN_INFINITE_RECURSION = YES;
				CLANG_WARN_INT_CONVERSION = YES;
				CLANG_WARN_NON_LITERAL_NULL_CONVERSION = YES;
				CLANG_WARN_OBJC_IMPLICIT_RETAIN_SELF = YES;
				CLANG_WARN_OBJC_LITERAL_CONVERSION = YES;
				CLANG_WARN_OBJC_ROOT_CLASS = YES_ERROR;
				CLANG_WARN_QUOTED_INCLUDE_IN_FRAMEWORK_HEADER = YES;
				CLANG_WARN_RANGE_LOOP_ANALYSIS = YES;
				CLANG_WARN_STRICT_PROTOTYPES = YES;
				CLANG_WARN_SUSPICIOUS_MOVE = YES;
				CLANG_WARN_UNGUARDED_AVAILABILITY = YES_AGGRESSIVE;
				CLANG_WARN_UNREACHABLE_CODE = YES;
				CLANG_WARN__DUPLICATE_METHOD_MATCH = YES;
				COPY_PHASE_STRIP = NO;
				DEBUG_INFORMATION_FORMAT = dwarf;
				ENABLE_STRICT_OBJC_MSGSEND = YES;
				ENABLE_TESTABILITY = YES;
				GCC_C_LANGUAGE_STANDARD = gnu11;
				GCC_DYNAMIC_NO_PIC = NO;
				GCC_NO_COMMON_BLOCKS = YES;
				GCC_OPTIMIZATION_LEVEL = 0;
				GCC_PREPROCESSOR_DEFINITIONS = (
					"DEBUG=1",
					"$(inherited)",
				);
				GCC_WARN_64_TO_32_BIT_CONVERSION = YES;
				GCC_WARN_ABOUT_RETURN_TYPE = YES_ERROR;
				GCC_WARN_UNDECLARED_SELECTOR = YES;
				GCC_WARN_UNINITIALIZED_AUTOS = YES_AGGRESSIVE;
				GCC_WARN_UNUSED_FUNCTION = YES;
				GCC_WARN_UNUSED_VARIABLE = YES;
				MTL_ENABLE_DEBUG_INFO = INCLUDE_SOURCE;
				MTL_FAST_MATH = YES;
				ONLY_ACTIVE_ARCH = YES;
				SWIFT_ACTIVE_COMPILATION_CONDITIONS = DEBUG;
				SWIFT_OPTIMIZATION_LEVEL = "-Onone";
			};
			name = Debug;
		};
		F8413A5E2A37574F00F61AA9 /* Release */ = {
			isa = XCBuildConfiguration;
			buildSettings = {
				ALWAYS_SEARCH_USER_PATHS = NO;
				CLANG_ANALYZER_NONNULL = YES;
				CLANG_ANALYZER_NUMBER_OBJECT_CONVERSION = YES_AGGRESSIVE;
				CLANG_CXX_LANGUAGE_STANDARD = "gnu++20";
				CLANG_ENABLE_MODULES = YES;
				CLANG_ENABLE_OBJC_ARC = YES;
				CLANG_ENABLE_OBJC_WEAK = YES;
				CLANG_WARN_BLOCK_CAPTURE_AUTORELEASING = YES;
				CLANG_WARN_BOOL_CONVERSION = YES;
				CLANG_WARN_COMMA = YES;
				CLANG_WARN_CONSTANT_CONVERSION = YES;
				CLANG_WARN_DEPRECATED_OBJC_IMPLEMENTATIONS = YES;
				CLANG_WARN_DIRECT_OBJC_ISA_USAGE = YES_ERROR;
				CLANG_WARN_DOCUMENTATION_COMMENTS = YES;
				CLANG_WARN_EMPTY_BODY = YES;
				CLANG_WARN_ENUM_CONVERSION = YES;
				CLANG_WARN_INFINITE_RECURSION = YES;
				CLANG_WARN_INT_CONVERSION = YES;
				CLANG_WARN_NON_LITERAL_NULL_CONVERSION = YES;
				CLANG_WARN_OBJC_IMPLICIT_RETAIN_SELF = YES;
				CLANG_WARN_OBJC_LITERAL_CONVERSION = YES;
				CLANG_WARN_OBJC_ROOT_CLASS = YES_ERROR;
				CLANG_WARN_QUOTED_INCLUDE_IN_FRAMEWORK_HEADER = YES;
				CLANG_WARN_RANGE_LOOP_ANALYSIS = YES;
				CLANG_WARN_STRICT_PROTOTYPES = YES;
				CLANG_WARN_SUSPICIOUS_MOVE = YES;
				CLANG_WARN_UNGUARDED_AVAILABILITY = YES_AGGRESSIVE;
				CLANG_WARN_UNREACHABLE_CODE = YES;
				CLANG_WARN__DUPLICATE_METHOD_MATCH = YES;
				COPY_PHASE_STRIP = NO;
				DEBUG_INFORMATION_FORMAT = "dwarf-with-dsym";
				ENABLE_NS_ASSERTIONS = NO;
				ENABLE_STRICT_OBJC_MSGSEND = YES;
				GCC_C_LANGUAGE_STANDARD = gnu11;
				GCC_NO_COMMON_BLOCKS = YES;
				GCC_WARN_64_TO_32_BIT_CONVERSION = YES;
				GCC_WARN_ABOUT_RETURN_TYPE = YES_ERROR;
				GCC_WARN_UNDECLARED_SELECTOR = YES;
				GCC_WARN_UNINITIALIZED_AUTOS = YES_AGGRESSIVE;
				GCC_WARN_UNUSED_FUNCTION = YES;
				GCC_WARN_UNUSED_VARIABLE = YES;
				MTL_ENABLE_DEBUG_INFO = NO;
				MTL_FAST_MATH = YES;
				SWIFT_COMPILATION_MODE = wholemodule;
				SWIFT_OPTIMIZATION_LEVEL = "-O";
			};
			name = Release;
		};
		F8413A602A37574F00F61AA9 /* Debug */ = {
			isa = XCBuildConfiguration;
			buildSettings = {
				ASSETCATALOG_COMPILER_APPICON_NAME = AppIcon;
				ASSETCATALOG_COMPILER_GLOBAL_ACCENT_COLOR_NAME = AccentColor;
				CODE_SIGN_ENTITLEMENTS = MiniME/MiniME.entitlements;
				CODE_SIGN_STYLE = Automatic;
				CURRENT_PROJECT_VERSION = 1;
				DEVELOPMENT_ASSET_PATHS = "\"MiniME/Preview Content\"";
				DEVELOPMENT_TEAM = 88KH7Y2P56;
				ENABLE_HARDENED_RUNTIME = YES;
				ENABLE_PREVIEWS = YES;
				GENERATE_INFOPLIST_FILE = YES;
				"INFOPLIST_KEY_UIApplicationSceneManifest_Generation[sdk=iphoneos*]" = YES;
				"INFOPLIST_KEY_UIApplicationSceneManifest_Generation[sdk=iphonesimulator*]" = YES;
				"INFOPLIST_KEY_UIApplicationSupportsIndirectInputEvents[sdk=iphoneos*]" = YES;
				"INFOPLIST_KEY_UIApplicationSupportsIndirectInputEvents[sdk=iphonesimulator*]" = YES;
				"INFOPLIST_KEY_UILaunchScreen_Generation[sdk=iphoneos*]" = YES;
				"INFOPLIST_KEY_UILaunchScreen_Generation[sdk=iphonesimulator*]" = YES;
				"INFOPLIST_KEY_UIStatusBarStyle[sdk=iphoneos*]" = UIStatusBarStyleDefault;
				"INFOPLIST_KEY_UIStatusBarStyle[sdk=iphonesimulator*]" = UIStatusBarStyleDefault;
				INFOPLIST_KEY_UISupportedInterfaceOrientations_iPad = "UIInterfaceOrientationPortrait UIInterfaceOrientationPortraitUpsideDown UIInterfaceOrientationLandscapeLeft UIInterfaceOrientationLandscapeRight";
				INFOPLIST_KEY_UISupportedInterfaceOrientations_iPhone = "UIInterfaceOrientationPortrait UIInterfaceOrientationLandscapeLeft UIInterfaceOrientationLandscapeRight";
				IPHONEOS_DEPLOYMENT_TARGET = 16.4;
				LD_RUNPATH_SEARCH_PATHS = "@executable_path/Frameworks";
				"LD_RUNPATH_SEARCH_PATHS[sdk=macosx*]" = "@executable_path/../Frameworks";
				MACOSX_DEPLOYMENT_TARGET = 13.2;
				MARKETING_VERSION = 1.0;
				PRODUCT_BUNDLE_IDENTIFIER = com.ada.maia.MiniME;
				PRODUCT_NAME = "$(TARGET_NAME)";
				SDKROOT = auto;
				SUPPORTED_PLATFORMS = "iphoneos iphonesimulator macosx";
				SWIFT_EMIT_LOC_STRINGS = YES;
				SWIFT_VERSION = 5.0;
				TARGETED_DEVICE_FAMILY = "1,2";
			};
			name = Debug;
		};
		F8413A612A37574F00F61AA9 /* Release */ = {
			isa = XCBuildConfiguration;
			buildSettings = {
				ASSETCATALOG_COMPILER_APPICON_NAME = AppIcon;
				ASSETCATALOG_COMPILER_GLOBAL_ACCENT_COLOR_NAME = AccentColor;
				CODE_SIGN_ENTITLEMENTS = MiniME/MiniME.entitlements;
				CODE_SIGN_STYLE = Automatic;
				CURRENT_PROJECT_VERSION = 1;
				DEVELOPMENT_ASSET_PATHS = "\"MiniME/Preview Content\"";
				DEVELOPMENT_TEAM = 88KH7Y2P56;
				ENABLE_HARDENED_RUNTIME = YES;
				ENABLE_PREVIEWS = YES;
				GENERATE_INFOPLIST_FILE = YES;
				"INFOPLIST_KEY_UIApplicationSceneManifest_Generation[sdk=iphoneos*]" = YES;
				"INFOPLIST_KEY_UIApplicationSceneManifest_Generation[sdk=iphonesimulator*]" = YES;
				"INFOPLIST_KEY_UIApplicationSupportsIndirectInputEvents[sdk=iphoneos*]" = YES;
				"INFOPLIST_KEY_UIApplicationSupportsIndirectInputEvents[sdk=iphonesimulator*]" = YES;
				"INFOPLIST_KEY_UILaunchScreen_Generation[sdk=iphoneos*]" = YES;
				"INFOPLIST_KEY_UILaunchScreen_Generation[sdk=iphonesimulator*]" = YES;
				"INFOPLIST_KEY_UIStatusBarStyle[sdk=iphoneos*]" = UIStatusBarStyleDefault;
				"INFOPLIST_KEY_UIStatusBarStyle[sdk=iphonesimulator*]" = UIStatusBarStyleDefault;
				INFOPLIST_KEY_UISupportedInterfaceOrientations_iPad = "UIInterfaceOrientationPortrait UIInterfaceOrientationPortraitUpsideDown UIInterfaceOrientationLandscapeLeft UIInterfaceOrientationLandscapeRight";
				INFOPLIST_KEY_UISupportedInterfaceOrientations_iPhone = "UIInterfaceOrientationPortrait UIInterfaceOrientationLandscapeLeft UIInterfaceOrientationLandscapeRight";
				IPHONEOS_DEPLOYMENT_TARGET = 16.4;
				LD_RUNPATH_SEARCH_PATHS = "@executable_path/Frameworks";
				"LD_RUNPATH_SEARCH_PATHS[sdk=macosx*]" = "@executable_path/../Frameworks";
				MACOSX_DEPLOYMENT_TARGET = 13.2;
				MARKETING_VERSION = 1.0;
				PRODUCT_BUNDLE_IDENTIFIER = com.ada.maia.MiniME;
				PRODUCT_NAME = "$(TARGET_NAME)";
				SDKROOT = auto;
				SUPPORTED_PLATFORMS = "iphoneos iphonesimulator macosx";
				SWIFT_EMIT_LOC_STRINGS = YES;
				SWIFT_VERSION = 5.0;
				TARGETED_DEVICE_FAMILY = "1,2";
			};
			name = Release;
		};
/* End XCBuildConfiguration section */

/* Begin XCConfigurationList section */
		F8413A462A37574E00F61AA9 /* Build configuration list for PBXProject "MiniME" */ = {
			isa = XCConfigurationList;
			buildConfigurations = (
				F8413A5D2A37574F00F61AA9 /* Debug */,
				F8413A5E2A37574F00F61AA9 /* Release */,
			);
			defaultConfigurationIsVisible = 0;
			defaultConfigurationName = Release;
		};
		F8413A5F2A37574F00F61AA9 /* Build configuration list for PBXNativeTarget "MiniME" */ = {
			isa = XCConfigurationList;
			buildConfigurations = (
				F8413A602A37574F00F61AA9 /* Debug */,
				F8413A612A37574F00F61AA9 /* Release */,
			);
			defaultConfigurationIsVisible = 0;
			defaultConfigurationName = Release;
		};
/* End XCConfigurationList section */

/* Begin XCVersionGroup section */
		F8413A522A37574E00F61AA9 /* MiniME.xcdatamodeld */ = {
			isa = XCVersionGroup;
			children = (
				F8413A532A37574E00F61AA9 /* MiniME.xcdatamodel */,
			);
			currentVersion = F8413A532A37574E00F61AA9 /* MiniME.xcdatamodel */;
			path = MiniME.xcdatamodeld;
			sourceTree = "<group>";
			versionGroupType = wrapper.xcdatamodel;
		};
/* End XCVersionGroup section */
	};
	rootObject = F8413A432A37574E00F61AA9 /* Project object */;
}
